{
  "name": "bulk-mailing",
  "version": "1.0.0",
  "lockfileVersion": 3,
  "requires": true,
  "packages": {
    "": {
      "name": "bulk-mailing",
      "version": "1.0.0",
      "license": "ISC",
      "dependencies": {
        "dotenv": "^16.4.5",
        "email-validator": "^2.0.4",
        "nodemailer": "^6.9.15"
      }
    },
    "node_modules/dotenv": {
      "version": "16.4.5",
      "resolved": "https://registry.npmjs.org/dotenv/-/dotenv-16.4.5.tgz",
      "integrity": "sha512-ZmdL2rui+eB2YwhsWzjInR8LldtZHGDoQ1ugH85ppHKwpUHL7j7rN0Ti9NCnGiQbhaZ11FpR+7ao1dNsmduNUg==",
      "engines": {
        "node": ">=12"
      },
      "funding": {
        "url": "https://dotenvx.com"
      }
    },
    "node_modules/email-validator": {
      "version": "2.0.4",
      "resolved": "https://registry.npmjs.org/email-validator/-/email-validator-2.0.4.tgz",
      "integrity": "sha512-gYCwo7kh5S3IDyZPLZf6hSS0MnZT8QmJFqYvbqlDZSbwdZlY6QZWxJ4i/6UhITOJ4XzyI647Bm2MXKCLqnJ4nQ==",
      "engines": {
        "node": ">4.0"
      }
    },
    "node_modules/nodemailer": {
      "version": "6.9.15",
      "resolved": "https://registry.npmjs.org/nodemailer/-/nodemailer-6.9.15.tgz",
      "integrity": "sha512-AHf04ySLC6CIfuRtRiEYtGEXgRfa6INgWGluDhnxTZhHSKvrBu7lc1VVchQ0d8nPc4cFaZoPq8vkyNoZr0TpGQ==",
      "engines": {
        "node": ">=6.0.0"
      }
    }
  }
}
